schema: '2.0'
stages:
  data_ingestion:
    cmd: python src/data/data_ingestion.py
    deps:
    - path: src/data/data_ingestion.py
      hash: md5
      md5: 23e71b82ecb7f329ebbfc05687f8a90a
      size: 2085
    params:
      params.yaml:
        data_ingestion.random_state: 42
        data_ingestion.test_size: 0.25
    outs:
    - path: data/raw/test.csv
      hash: md5
      md5: a1942984835af97d0859370a7dd59bd1
      size: 9385792
    - path: data/raw/train.csv
      hash: md5
      md5: 8cc63030d8a048c5ee0cccb95e6509df
      size: 28157919
  data_preprocessing:
    cmd: python src/data/data_preprocessing.py
    deps:
    - path: data/raw/test.csv
      hash: md5
      md5: a1942984835af97d0859370a7dd59bd1
      size: 9385792
    - path: data/raw/train.csv
      hash: md5
      md5: 8cc63030d8a048c5ee0cccb95e6509df
      size: 28157919
    - path: src/data/data_preprocessing.py
      hash: md5
      md5: cbc0a002d42a29b56fb976cc10c41044
      size: 1617
    outs:
    - path: data/processed/test_scaled.csv
      hash: md5
      md5: 6c4a2a00ca8f8f61c5190100fb755f81
      size: 2271948
    - path: data/processed/train_scaled.csv
      hash: md5
      md5: af75042145b09666c19880d3b295912f
      size: 6953250
    - path: models/scaler_model.pkl
      hash: md5
      md5: 11f705ddb6adc0fe725380009579b706
      size: 897
  feature_engineering:
    cmd: python src/features/feature_engineering.py
    deps:
    - path: data/processed/test_scaled.csv
      hash: md5
      md5: 6c4a2a00ca8f8f61c5190100fb755f81
      size: 2271948
    - path: data/processed/train_scaled.csv
      hash: md5
      md5: af75042145b09666c19880d3b295912f
      size: 6953250
    - path: src/features/feature_engineering.py
      hash: md5
      md5: 930c61459415f434f13f9e618f48394b
      size: 1591
    params:
      params.yaml:
        feature_engineering.n_components: 0.95
        feature_engineering.random_state: 42
    outs:
    - path: data/features/test_pca.csv
      hash: md5
      md5: 795614b9095934c82724539cf5c22f7f
      size: 1818087
    - path: data/features/train_pca.csv
      hash: md5
      md5: 879b84612abc1b6cebcc561d3d01bf32
      size: 5565630
    - path: models/pca_model.pkl
      hash: md5
      md5: f0e1cfce4740c99fda312834648e788f
      size: 1904
  model_building:
    cmd: python src/models/model_building.py
    deps:
    - path: data/features/train_pca.csv
      hash: md5
      md5: 879b84612abc1b6cebcc561d3d01bf32
      size: 5565630
    - path: src/models/model_building.py
      hash: md5
      md5: 8af68b742b24faa125b3a533f534b983
      size: 916
    params:
      params.yaml:
        model_building.param_grid:
          C:
          - 0.1
          - 1
          - 10
          - 100
          epsilon:
          - 0.01
          - 0.1
          - 0.5
          kernel:
          - rbf
          gamma:
          - scale
          - auto
          - 0.01
          - 0.1
          - 1
    outs:
    - path: models/svr_model.pkl
      hash: md5
      md5: 3ad6d06402b29a48aaa35ab070836020
      size: 2513044
  model_evaluation:
    cmd: python src/models/model_evaluation.py
    deps:
    - path: data/features/test_pca.csv
      hash: md5
      md5: 795614b9095934c82724539cf5c22f7f
      size: 1818087
    - path: models/svr_model.pkl
      hash: md5
      md5: 3ad6d06402b29a48aaa35ab070836020
      size: 2513044
    - path: src/models/model_evaluation.py
      hash: md5
      md5: fb6a886ff2f28135cb88b4081bcc9a8d
      size: 1449
