schema: '2.0'
stages:
  data_ingestion:
    cmd: python src/data/data_ingestion.py
    deps:
    - path: src/data/data_ingestion.py
      hash: md5
      md5: 2b1dafe95f6711a95199759e51a0adbf
      size: 1826
    outs:
    - path: data/raw/test.csv
      hash: md5
      md5: aa5f2cb1382e181f10074bfe745bb45b
      size: 7501427
    - path: data/raw/train.csv
      hash: md5
      md5: ef3c7d1f12e049e84185a4240eb49954
      size: 30042284
  data_preprocessing:
    cmd: python src/data/data_preprocessing.py
    deps:
    - path: data/raw/test.csv
      hash: md5
      md5: aa5f2cb1382e181f10074bfe745bb45b
      size: 7501427
    - path: data/raw/train.csv
      hash: md5
      md5: ef3c7d1f12e049e84185a4240eb49954
      size: 30042284
    - path: src/data/data_preprocessing.py
      hash: md5
      md5: 4c0a5386f5fd36fd32496fd53957e504
      size: 1424
    outs:
    - path: data/processed/test_scaled.csv
      hash: md5
      md5: ee32dfb37d2f14403136dec0c183c596
      size: 1803595
    - path: data/processed/train_scaled.csv
      hash: md5
      md5: 654b9aae7fee2b958bc8c4f7c0bdfe55
      size: 7419604
